
Microsoft Visual Studio Solution File, Format Version 12.00
# Visual Studio 15
VisualStudioVersion = 15.0.27413.0
MinimumVisualStudioVersion = 10.0.40219.1
Project("{FAE04EC0-301F-11D3-BF4B-00C04F79EFBC}") = "WebPagesIndividualAuth", "WebPagesIndividualAuth\WebPagesIndividualAuth.csproj", "{5B51E1C9-FAF3-424F-AA94-1D90C11D96DD}"
EndProject
Global
	GlobalSection(SolutionConfigurationPlatforms) = preSolution
		Debug|Any CPU = Debug|Any CPU
		Release|Any CPU = Release|Any CPU
	EndGlobalSection
	GlobalSection(ProjectConfigurationPlatforms) = postSolution
		{5B51E1C9-FAF3-424F-AA94-1D90C11D96DD}.Debug|Any CPU.ActiveCfg = Debug|Any CPU
		{5B51E1C9-FAF3-424F-AA94-1D90C11D96DD}.Debug|Any CPU.Build.0 = Debug|Any CPU
		{5B51E1C9-FAF3-424F-AA94-1D90C11D96DD}.Release|Any CPU.ActiveCfg = Release|Any CPU
		{5B51E1C9-FAF3-424F-AA94-1D90C11D96DD}.Release|Any CPU.Build.0 = Release|Any CPU
	EndGlobalSection
	GlobalSection(SolutionProperties) = preSolution
		HideSolutionNode = FALSE
	EndGlobalSection
	GlobalSection(ExtensibilityGlobals) = postSolution
		SolutionGuid = {5F13E280-1DE9-48A7-B9BC-99D32C43B54D}
	EndGlobalSection
EndGlobal
